
Microsoft Visual Studio Solution File, Format Version 12.00
# Visual Studio Version 16
VisualStudioVersion = 16.0.31025.194
MinimumVisualStudioVersion = 10.0.40219.1
Project("{9A19103F-16F7-4668-BE54-9A1E7A4F7556}") = "Poc-LR", "Poc-LR.csproj", "{431EDBB8-7C1A-470F-83DF-4B9D7EB996EA}"
EndProject
Global
	GlobalSection(SolutionConfigurationPlatforms) = preSolution
		Debug|Any CPU = Debug|Any CPU
		Release|Any CPU = Release|Any CPU
	EndGlobalSection
	GlobalSection(ProjectConfigurationPlatforms) = postSolution
		{431EDBB8-7C1A-470F-83DF-4B9D7EB996EA}.Debug|Any CPU.ActiveCfg = Debug|Any CPU
		{431EDBB8-7C1A-470F-83DF-4B9D7EB996EA}.Debug|Any CPU.Build.0 = Debug|Any CPU
		{431EDBB8-7C1A-470F-83DF-4B9D7EB996EA}.Release|Any CPU.ActiveCfg = Release|Any CPU
		{431EDBB8-7C1A-470F-83DF-4B9D7EB996EA}.Release|Any CPU.Build.0 = Release|Any CPU
	EndGlobalSection
	GlobalSection(SolutionProperties) = preSolution
		HideSolutionNode = FALSE
	EndGlobalSection
	GlobalSection(ExtensibilityGlobals) = postSolution
		SolutionGuid = {C0486780-D7CA-45DC-801D-DCB397BB8610}
	EndGlobalSection
EndGlobal
